{
  "requires": true,
  "lockfileVersion": 1,
  "dependencies": {
    "react-confirm-box": {
      "version": "1.2.0",
      "resolved": "https://registry.npmjs.org/react-confirm-box/-/react-confirm-box-1.2.0.tgz",
      "integrity": "sha512-emltOsrQcJ9yFJIfgCEnAn8Srv9T6fJSjdAqf6zHXfO2k7AgM6xEO9dDZkybb8GWTm0Zq/nh2fAGJQN3jpkvKw=="
    }
  }
}
